
Microsoft Visual Studio Solution File, Format Version 12.00
# Visual Studio 2012
Project("{FAE04EC0-301F-11D3-BF4B-00C04F79EFBC}") = "ABC.Windows", "ABC.Windows\ABC.Windows.csproj", "{DB8DBDF2-70BF-4712-86DA-06674986BC12}"
EndProject
Project("{FAE04EC0-301F-11D3-BF4B-00C04F79EFBC}") = "ABC.PInvoke", "ABC.PInvoke\ABC.PInvoke.csproj", "{072142C4-284E-4F1A-A1FE-F886E8ECF728}"
EndProject
Project("{FAE04EC0-301F-11D3-BF4B-00C04F79EFBC}") = "ABC.Model", "ABC.Model\ABC.Model.csproj", "{2EB224B2-07DA-4231-84D0-2EF5FCBDD843}"
EndProject
Project("{FAE04EC0-301F-11D3-BF4B-00C04F79EFBC}") = "ABC.Windows.Desktop.Monitor", "ABC.Windows\Desktop\Monitor\ABC.Windows.Desktop.Monitor.csproj", "{19BAF70B-28BC-438F-9EB6-C98D81D98299}"
EndProject
Project("{FAE04EC0-301F-11D3-BF4B-00C04F79EFBC}") = "ABC.Interruptions", "ABC.Interruptions\ABC.Interruptions.csproj", "{582661FF-FF3D-4CD3-8A52-3C75447E9F69}"
EndProject
Project("{FAE04EC0-301F-11D3-BF4B-00C04F79EFBC}") = "ABC.Infrastructure", "ABC.Infrastructure\ABC.Infrastructure.csproj", "{7AC39E7E-0853-482D-85FC-98311681BE54}"
EndProject
Global
	GlobalSection(SolutionConfigurationPlatforms) = preSolution
		Debug|Any CPU = Debug|Any CPU
		Debug|x64 = Debug|x64
		Debug|x86 = Debug|x86
		Release|Any CPU = Release|Any CPU
		Release|x64 = Release|x64
		Release|x86 = Release|x86
	EndGlobalSection
	GlobalSection(ProjectConfigurationPlatforms) = postSolution
		{DB8DBDF2-70BF-4712-86DA-06674986BC12}.Debug|Any CPU.ActiveCfg = Debug|Any CPU
		{DB8DBDF2-70BF-4712-86DA-06674986BC12}.Debug|Any CPU.Build.0 = Debug|Any CPU
		{DB8DBDF2-70BF-4712-86DA-06674986BC12}.Debug|x64.ActiveCfg = Debug|Any CPU
		{DB8DBDF2-70BF-4712-86DA-06674986BC12}.Debug|x86.ActiveCfg = Debug|Any CPU
		{DB8DBDF2-70BF-4712-86DA-06674986BC12}.Release|Any CPU.ActiveCfg = Release|Any CPU
		{DB8DBDF2-70BF-4712-86DA-06674986BC12}.Release|Any CPU.Build.0 = Release|Any CPU
		{DB8DBDF2-70BF-4712-86DA-06674986BC12}.Release|x64.ActiveCfg = Release|Any CPU
		{DB8DBDF2-70BF-4712-86DA-06674986BC12}.Release|x86.ActiveCfg = Release|Any CPU
		{072142C4-284E-4F1A-A1FE-F886E8ECF728}.Debug|Any CPU.ActiveCfg = Debug|Any CPU
		{072142C4-284E-4F1A-A1FE-F886E8ECF728}.Debug|Any CPU.Build.0 = Debug|Any CPU
		{072142C4-284E-4F1A-A1FE-F886E8ECF728}.Debug|x64.ActiveCfg = Debug|Any CPU
		{072142C4-284E-4F1A-A1FE-F886E8ECF728}.Debug|x86.ActiveCfg = Debug|Any CPU
		{072142C4-284E-4F1A-A1FE-F886E8ECF728}.Release|Any CPU.ActiveCfg = Release|Any CPU
		{072142C4-284E-4F1A-A1FE-F886E8ECF728}.Release|Any CPU.Build.0 = Release|Any CPU
		{072142C4-284E-4F1A-A1FE-F886E8ECF728}.Release|x64.ActiveCfg = Release|Any CPU
		{072142C4-284E-4F1A-A1FE-F886E8ECF728}.Release|x86.ActiveCfg = Release|Any CPU
		{2EB224B2-07DA-4231-84D0-2EF5FCBDD843}.Debug|Any CPU.ActiveCfg = Debug|Any CPU
		{2EB224B2-07DA-4231-84D0-2EF5FCBDD843}.Debug|Any CPU.Build.0 = Debug|Any CPU
		{2EB224B2-07DA-4231-84D0-2EF5FCBDD843}.Debug|x64.ActiveCfg = Debug|Any CPU
		{2EB224B2-07DA-4231-84D0-2EF5FCBDD843}.Debug|x86.ActiveCfg = Debug|Any CPU
		{2EB224B2-07DA-4231-84D0-2EF5FCBDD843}.Release|Any CPU.ActiveCfg = Release|Any CPU
		{2EB224B2-07DA-4231-84D0-2EF5FCBDD843}.Release|Any CPU.Build.0 = Release|Any CPU
		{2EB224B2-07DA-4231-84D0-2EF5FCBDD843}.Release|x64.ActiveCfg = Release|Any CPU
		{2EB224B2-07DA-4231-84D0-2EF5FCBDD843}.Release|x86.ActiveCfg = Release|Any CPU
		{19BAF70B-28BC-438F-9EB6-C98D81D98299}.Debug|Any CPU.ActiveCfg = Debug|Any CPU
		{19BAF70B-28BC-438F-9EB6-C98D81D98299}.Debug|Any CPU.Build.0 = Debug|Any CPU
		{19BAF70B-28BC-438F-9EB6-C98D81D98299}.Debug|x64.ActiveCfg = Debug|x64
		{19BAF70B-28BC-438F-9EB6-C98D81D98299}.Debug|x64.Build.0 = Debug|x64
		{19BAF70B-28BC-438F-9EB6-C98D81D98299}.Debug|x86.ActiveCfg = Debug|x86
		{19BAF70B-28BC-438F-9EB6-C98D81D98299}.Debug|x86.Build.0 = Debug|x86
		{19BAF70B-28BC-438F-9EB6-C98D81D98299}.Release|Any CPU.ActiveCfg = Release|Any CPU
		{19BAF70B-28BC-438F-9EB6-C98D81D98299}.Release|x64.ActiveCfg = Release|x64
		{19BAF70B-28BC-438F-9EB6-C98D81D98299}.Release|x64.Build.0 = Release|x64
		{19BAF70B-28BC-438F-9EB6-C98D81D98299}.Release|x86.ActiveCfg = Release|x86
		{19BAF70B-28BC-438F-9EB6-C98D81D98299}.Release|x86.Build.0 = Release|x86
		{582661FF-FF3D-4CD3-8A52-3C75447E9F69}.Debug|Any CPU.ActiveCfg = Debug|Any CPU
		{582661FF-FF3D-4CD3-8A52-3C75447E9F69}.Debug|Any CPU.Build.0 = Debug|Any CPU
		{582661FF-FF3D-4CD3-8A52-3C75447E9F69}.Debug|x64.ActiveCfg = Debug|Any CPU
		{582661FF-FF3D-4CD3-8A52-3C75447E9F69}.Debug|x86.ActiveCfg = Debug|Any CPU
		{582661FF-FF3D-4CD3-8A52-3C75447E9F69}.Release|Any CPU.ActiveCfg = Release|Any CPU
		{582661FF-FF3D-4CD3-8A52-3C75447E9F69}.Release|Any CPU.Build.0 = Release|Any CPU
		{582661FF-FF3D-4CD3-8A52-3C75447E9F69}.Release|x64.ActiveCfg = Release|Any CPU
		{582661FF-FF3D-4CD3-8A52-3C75447E9F69}.Release|x86.ActiveCfg = Release|Any CPU
		{7AC39E7E-0853-482D-85FC-98311681BE54}.Debug|Any CPU.ActiveCfg = Debug|Any CPU
		{7AC39E7E-0853-482D-85FC-98311681BE54}.Debug|Any CPU.Build.0 = Debug|Any CPU
		{7AC39E7E-0853-482D-85FC-98311681BE54}.Debug|x64.ActiveCfg = Debug|Any CPU
		{7AC39E7E-0853-482D-85FC-98311681BE54}.Debug|x86.ActiveCfg = Debug|Any CPU
		{7AC39E7E-0853-482D-85FC-98311681BE54}.Release|Any CPU.ActiveCfg = Release|Any CPU
		{7AC39E7E-0853-482D-85FC-98311681BE54}.Release|Any CPU.Build.0 = Release|Any CPU
		{7AC39E7E-0853-482D-85FC-98311681BE54}.Release|x64.ActiveCfg = Release|Any CPU
		{7AC39E7E-0853-482D-85FC-98311681BE54}.Release|x86.ActiveCfg = Release|Any CPU
	EndGlobalSection
	GlobalSection(SolutionProperties) = preSolution
		HideSolutionNode = FALSE
	EndGlobalSection
EndGlobal
