
Microsoft Visual Studio Solution File, Format Version 12.00
# Visual Studio 2012
Project("{FAE04EC0-301F-11D3-BF4B-00C04F79EFBC}") = "ABC.Interruptions.Google", "ABC.Interruptions.Google\ABC.Interruptions.Google.csproj", "{FC9B9A49-95BE-4603-B054-E8CE87FD9000}"
EndProject
Global
	GlobalSection(SolutionConfigurationPlatforms) = preSolution
		Debug|Any CPU = Debug|Any CPU
		Release|Any CPU = Release|Any CPU
	EndGlobalSection
	GlobalSection(ProjectConfigurationPlatforms) = postSolution
		{FC9B9A49-95BE-4603-B054-E8CE87FD9000}.Debug|Any CPU.ActiveCfg = Debug|Any CPU
		{FC9B9A49-95BE-4603-B054-E8CE87FD9000}.Debug|Any CPU.Build.0 = Debug|Any CPU
		{FC9B9A49-95BE-4603-B054-E8CE87FD9000}.Release|Any CPU.ActiveCfg = Release|Any CPU
		{FC9B9A49-95BE-4603-B054-E8CE87FD9000}.Release|Any CPU.Build.0 = Release|Any CPU
	EndGlobalSection
	GlobalSection(SolutionProperties) = preSolution
		HideSolutionNode = FALSE
	EndGlobalSection
EndGlobal
